
Microsoft Visual Studio Solution File, Format Version 12.00
# Visual Studio Version 17
VisualStudioVersion = 17.13.35913.81 d17.13
MinimumVisualStudioVersion = 10.0.40219.1
Project("{FAE04EC0-301F-11D3-BF4B-00C04F79EFBC}") = "SõneÜlesanne1", "SõneÜlesanne1.csproj", "{4FC8B49F-0333-4303-96E2-479E64B1F93F}"
EndProject
Global
	GlobalSection(SolutionConfigurationPlatforms) = preSolution
		Debug|Any CPU = Debug|Any CPU
		Release|Any CPU = Release|Any CPU
	EndGlobalSection
	GlobalSection(ProjectConfigurationPlatforms) = postSolution
		{4FC8B49F-0333-4303-96E2-479E64B1F93F}.Debug|Any CPU.ActiveCfg = Debug|Any CPU
		{4FC8B49F-0333-4303-96E2-479E64B1F93F}.Debug|Any CPU.Build.0 = Debug|Any CPU
		{4FC8B49F-0333-4303-96E2-479E64B1F93F}.Release|Any CPU.ActiveCfg = Release|Any CPU
		{4FC8B49F-0333-4303-96E2-479E64B1F93F}.Release|Any CPU.Build.0 = Release|Any CPU
	EndGlobalSection
	GlobalSection(SolutionProperties) = preSolution
		HideSolutionNode = FALSE
	EndGlobalSection
	GlobalSection(ExtensibilityGlobals) = postSolution
		SolutionGuid = {2A118AA2-7F3D-4A0E-9B16-D12EC97E103E}
	EndGlobalSection
EndGlobal
